
Microsoft Visual Studio Solution File, Format Version 12.00
# Visual Studio 2013
VisualStudioVersion = 12.0.21005.1
MinimumVisualStudioVersion = 10.0.40219.1
Project("{FAE04EC0-301F-11D3-BF4B-00C04F79EFBC}") = "ITV.MvcApplication", "ITV.MvcApplication\ITV.MvcApplication.csproj", "{1BA096FF-7B24-42CD-9A11-0AB1B4D1777B}"
EndProject
Project("{FAE04EC0-301F-11D3-BF4B-00C04F79EFBC}") = "ITV.AxxonNextAPI", "ITV.AxxonNextAPI\ITV.AxxonNextAPI.csproj", "{8E7D6360-32C8-40AA-A053-27211044DC00}"
EndProject
Project("{2150E333-8FDC-42A3-9474-1A3956D46DE8}") = "API", "API", "{1778290A-6702-471A-956F-2D7BC0C3015A}"
EndProject
Project("{2150E333-8FDC-42A3-9474-1A3956D46DE8}") = "Web", "Web", "{206D008E-E4A1-40E2-A832-7EEA03C844E0}"
EndProject
Project("{FAE04EC0-301F-11D3-BF4B-00C04F79EFBC}") = "ITV.MDL", "ITV.MDL\ITV.MDL.csproj", "{E1864D87-704E-4254-828C-9D3F75AAB3E6}"
EndProject
Project("{FAE04EC0-301F-11D3-BF4B-00C04F79EFBC}") = "ITV.BLL", "ITV.BLL\ITV.BLL.csproj", "{2C8A2AC1-DA40-4B6F-A9C6-D10450A41550}"
EndProject
Global
	GlobalSection(SolutionConfigurationPlatforms) = preSolution
		Debug|Any CPU = Debug|Any CPU
		Release|Any CPU = Release|Any CPU
	EndGlobalSection
	GlobalSection(ProjectConfigurationPlatforms) = postSolution
		{1BA096FF-7B24-42CD-9A11-0AB1B4D1777B}.Debug|Any CPU.ActiveCfg = Debug|Any CPU
		{1BA096FF-7B24-42CD-9A11-0AB1B4D1777B}.Debug|Any CPU.Build.0 = Debug|Any CPU
		{1BA096FF-7B24-42CD-9A11-0AB1B4D1777B}.Release|Any CPU.ActiveCfg = Release|Any CPU
		{1BA096FF-7B24-42CD-9A11-0AB1B4D1777B}.Release|Any CPU.Build.0 = Release|Any CPU
		{8E7D6360-32C8-40AA-A053-27211044DC00}.Debug|Any CPU.ActiveCfg = Debug|Any CPU
		{8E7D6360-32C8-40AA-A053-27211044DC00}.Debug|Any CPU.Build.0 = Debug|Any CPU
		{8E7D6360-32C8-40AA-A053-27211044DC00}.Release|Any CPU.ActiveCfg = Release|Any CPU
		{8E7D6360-32C8-40AA-A053-27211044DC00}.Release|Any CPU.Build.0 = Release|Any CPU
		{E1864D87-704E-4254-828C-9D3F75AAB3E6}.Debug|Any CPU.ActiveCfg = Debug|Any CPU
		{E1864D87-704E-4254-828C-9D3F75AAB3E6}.Debug|Any CPU.Build.0 = Debug|Any CPU
		{E1864D87-704E-4254-828C-9D3F75AAB3E6}.Release|Any CPU.ActiveCfg = Release|Any CPU
		{E1864D87-704E-4254-828C-9D3F75AAB3E6}.Release|Any CPU.Build.0 = Release|Any CPU
		{2C8A2AC1-DA40-4B6F-A9C6-D10450A41550}.Debug|Any CPU.ActiveCfg = Debug|Any CPU
		{2C8A2AC1-DA40-4B6F-A9C6-D10450A41550}.Debug|Any CPU.Build.0 = Debug|Any CPU
		{2C8A2AC1-DA40-4B6F-A9C6-D10450A41550}.Release|Any CPU.ActiveCfg = Release|Any CPU
		{2C8A2AC1-DA40-4B6F-A9C6-D10450A41550}.Release|Any CPU.Build.0 = Release|Any CPU
	EndGlobalSection
	GlobalSection(SolutionProperties) = preSolution
		HideSolutionNode = FALSE
	EndGlobalSection
	GlobalSection(NestedProjects) = preSolution
		{8E7D6360-32C8-40AA-A053-27211044DC00} = {1778290A-6702-471A-956F-2D7BC0C3015A}
		{1BA096FF-7B24-42CD-9A11-0AB1B4D1777B} = {206D008E-E4A1-40E2-A832-7EEA03C844E0}
		{E1864D87-704E-4254-828C-9D3F75AAB3E6} = {206D008E-E4A1-40E2-A832-7EEA03C844E0}
		{2C8A2AC1-DA40-4B6F-A9C6-D10450A41550} = {206D008E-E4A1-40E2-A832-7EEA03C844E0}
	EndGlobalSection
EndGlobal
